
Microsoft Visual Studio Solution File, Format Version 12.00
# Visual Studio Version 17
VisualStudioVersion = 17.7.34003.232
MinimumVisualStudioVersion = 10.0.40219.1
Project("{2150E333-8FDC-42A3-9474-1A3956D46DE8}") = "src", "src", "{07926999-B740-4840-8C14-E7F19F9F60B5}"
EndProject
Project("{2150E333-8FDC-42A3-9474-1A3956D46DE8}") = "docs", "docs", "{F5CEDBD8-D85D-471E-840D-07717F82AE50}"
EndProject
Project("{FAE04EC0-301F-11D3-BF4B-00C04F79EFBC}") = "CurrencyTrackerConsole", "src\CurrencyTrackerConsole\CurrencyTrackerConsole.csproj", "{A8DCF938-E8BE-4E45-9127-1CC6B36890F2}"
EndProject
Global
	GlobalSection(SolutionConfigurationPlatforms) = preSolution
		Debug|Any CPU = Debug|Any CPU
		Release|Any CPU = Release|Any CPU
	EndGlobalSection
	GlobalSection(ProjectConfigurationPlatforms) = postSolution
		{A8DCF938-E8BE-4E45-9127-1CC6B36890F2}.Debug|Any CPU.ActiveCfg = Debug|Any CPU
		{A8DCF938-E8BE-4E45-9127-1CC6B36890F2}.Debug|Any CPU.Build.0 = Debug|Any CPU
		{A8DCF938-E8BE-4E45-9127-1CC6B36890F2}.Release|Any CPU.ActiveCfg = Release|Any CPU
		{A8DCF938-E8BE-4E45-9127-1CC6B36890F2}.Release|Any CPU.Build.0 = Release|Any CPU
	EndGlobalSection
	GlobalSection(SolutionProperties) = preSolution
		HideSolutionNode = FALSE
	EndGlobalSection
	GlobalSection(NestedProjects) = preSolution
		{A8DCF938-E8BE-4E45-9127-1CC6B36890F2} = {07926999-B740-4840-8C14-E7F19F9F60B5}
	EndGlobalSection
	GlobalSection(ExtensibilityGlobals) = postSolution
		SolutionGuid = {A4462CE7-C318-4FA2-9852-65EC36D788B3}
	EndGlobalSection
EndGlobal
